<?xml version="1.0" encoding="utf-8"?>
<Project ToolsVersion="4.0" xmlns="http://schemas.microsoft.com/developer/msbuild/2003">
  <ItemGroup>
    <Filter Include="Pliki źródłowe">
      <UniqueIdentifier>{4FC737F1-C7A5-4376-A066-2A32D752A2FF}</UniqueIdentifier>
      <Extensions>cpp;c;cc;cxx;c++;cppm;ixx;def;odl;idl;hpj;bat;asm;asmx</Extensions>
    </Filter>
    <Filter Include="Pliki nagłówkowe">
      <UniqueIdentifier>{93995380-89BD-4b04-88EB-625FBE52EBFB}</UniqueIdentifier>
      <Extensions>h;hh;hpp;hxx;h++;hm;inl;inc;ipp;xsd</Extensions>
    </Filter>
    <Filter Include="Pliki zasobów">
      <UniqueIdentifier>{67DA6AB6-F800-4c08-8B7A-83BB121AAD01}</UniqueIdentifier>
      <Extensions>rc;ico;cur;bmp;dlg;rc2;rct;bin;rgs;gif;jpg;jpeg;jpe;resx;tiff;tif;png;wav;mfcribbon-ms</Extensions>
    </Filter>
    <Filter Include="Pliki nagłówkowe\Downloads">
      <UniqueIdentifier>{35ac663f-d859-480f-9c05-e5f7ac3d00f7}</UniqueIdentifier>
    </Filter>
    <Filter Include="Pliki zasobów\Downloads">
      <UniqueIdentifier>{56df9b22-9fcf-4d3e-bd35-dbc757db2730}</UniqueIdentifier>
    </Filter>
  </ItemGroup>
  <ItemGroup>
    <ClCompile Include="Sagum.cpp">
      <Filter>Pliki źródłowe</Filter>
    </ClCompile>
    <ClCompile Include="GetHeader.cpp">
      <Filter>Pliki zasobów</Filter>
    </ClCompile>
    <ClCompile Include="ReportError.cpp">
      <Filter>Pliki zasobów</Filter>
    </ClCompile>
    <ClCompile Include="MeasureSpeeds.cpp">
      <Filter>Pliki zasobów</Filter>
    </ClCompile>
    <ClCompile Include="ProgressBar.cpp">
      <Filter>Pliki zasobów</Filter>
    </ClCompile>
    <ClCompile Include="Merger.cpp">
      <Filter>Pliki zasobów</Filter>
    </ClCompile>
    <ClCompile Include="OpenLoadURL.cpp">
      <Filter>Pliki zasobów</Filter>
    </ClCompile>
    <ClCompile Include="D_video_MP2T.cpp">
      <Filter>Pliki zasobów\Downloads</Filter>
    </ClCompile>
    <ClCompile Include="D_video_MP4.cpp">
      <Filter>Pliki zasobów\Downloads</Filter>
    </ClCompile>
    <ClCompile Include="DownloadFile.cpp">
      <Filter>Pliki zasobów\Downloads</Filter>
    </ClCompile>
    <ClCompile Include="FFMpeg.cpp">
      <Filter>Pliki zasobów</Filter>
    </ClCompile>
  </ItemGroup>
  <ItemGroup>
    <ClInclude Include="GetHeader.h">
      <Filter>Pliki nagłówkowe</Filter>
    </ClInclude>
    <ClInclude Include="MeasureSpeeds.h">
      <Filter>Pliki nagłówkowe</Filter>
    </ClInclude>
    <ClInclude Include="ReportError.h">
      <Filter>Pliki nagłówkowe</Filter>
    </ClInclude>
    <ClInclude Include="ProgressBar.h">
      <Filter>Pliki nagłówkowe</Filter>
    </ClInclude>
    <ClInclude Include="Merger.h">
      <Filter>Pliki nagłówkowe</Filter>
    </ClInclude>
    <ClInclude Include="OpenLoadURL.h">
      <Filter>Pliki nagłówkowe</Filter>
    </ClInclude>
    <ClInclude Include="DownloadFile.h">
      <Filter>Pliki nagłówkowe\Downloads</Filter>
    </ClInclude>
    <ClInclude Include="D_video_MP2T.h">
      <Filter>Pliki nagłówkowe\Downloads</Filter>
    </ClInclude>
    <ClInclude Include="D_video_MP4.h">
      <Filter>Pliki nagłówkowe\Downloads</Filter>
    </ClInclude>
    <ClInclude Include="FFMpeg.h">
      <Filter>Pliki nagłówkowe</Filter>
    </ClInclude>
  </ItemGroup>
</Project>